
Microsoft Visual Studio Solution File, Format Version 12.00
# Visual Studio 15
VisualStudioVersion = 15.0.27703.2000
MinimumVisualStudioVersion = 10.0.40219.1
Project("{FAE04EC0-301F-11D3-BF4B-00C04F79EFBC}") = "ProyectoCenfotec.Android", "ProyectoCenfotec\ProyectoCenfotec.Android\ProyectoCenfotec.Android.csproj", "{B741248D-32B3-4D7F-802E-D3A0409F6FAC}"
EndProject
Project("{FAE04EC0-301F-11D3-BF4B-00C04F79EFBC}") = "ProyectoCenfotec.iOS", "ProyectoCenfotec\ProyectoCenfotec.iOS\ProyectoCenfotec.iOS.csproj", "{09677168-DB2C-4B16-A2EF-A5938A6B21BD}"
EndProject
Project("{FAE04EC0-301F-11D3-BF4B-00C04F79EFBC}") = "ProyectoCenfotec.UWP", "ProyectoCenfotec\ProyectoCenfotec.UWP\ProyectoCenfotec.UWP.csproj", "{9E4A405B-3501-487F-8588-7D25A148F850}"
EndProject
Project("{9A19103F-16F7-4668-BE54-9A1E7A4F7556}") = "ProyectoCenfotec", "ProyectoCenfotec\ProyectoCenfotec\ProyectoCenfotec.csproj", "{3D515BE5-C14B-4085-AECD-B24D22151894}"
EndProject
Global
	GlobalSection(SolutionConfigurationPlatforms) = preSolution
		Ad-Hoc|Any CPU = Ad-Hoc|Any CPU
		Ad-Hoc|ARM = Ad-Hoc|ARM
		Ad-Hoc|iPhone = Ad-Hoc|iPhone
		Ad-Hoc|iPhoneSimulator = Ad-Hoc|iPhoneSimulator
		Ad-Hoc|x64 = Ad-Hoc|x64
		Ad-Hoc|x86 = Ad-Hoc|x86
		AppStore|Any CPU = AppStore|Any CPU
		AppStore|ARM = AppStore|ARM
		AppStore|iPhone = AppStore|iPhone
		AppStore|iPhoneSimulator = AppStore|iPhoneSimulator
		AppStore|x64 = AppStore|x64
		AppStore|x86 = AppStore|x86
		Debug|Any CPU = Debug|Any CPU
		Debug|ARM = Debug|ARM
		Debug|iPhone = Debug|iPhone
		Debug|iPhoneSimulator = Debug|iPhoneSimulator
		Debug|x64 = Debug|x64
		Debug|x86 = Debug|x86
		Release|Any CPU = Release|Any CPU
		Release|ARM = Release|ARM
		Release|iPhone = Release|iPhone
		Release|iPhoneSimulator = Release|iPhoneSimulator
		Release|x64 = Release|x64
		Release|x86 = Release|x86
	EndGlobalSection
	GlobalSection(ProjectConfigurationPlatforms) = postSolution
		{B741248D-32B3-4D7F-802E-D3A0409F6FAC}.Ad-Hoc|Any CPU.ActiveCfg = Release|Any CPU
		{B741248D-32B3-4D7F-802E-D3A0409F6FAC}.Ad-Hoc|Any CPU.Build.0 = Release|Any CPU
		{B741248D-32B3-4D7F-802E-D3A0409F6FAC}.Ad-Hoc|Any CPU.Deploy.0 = Release|Any CPU
		{B741248D-32B3-4D7F-802E-D3A0409F6FAC}.Ad-Hoc|ARM.ActiveCfg = Release|Any CPU
		{B741248D-32B3-4D7F-802E-D3A0409F6FAC}.Ad-Hoc|ARM.Build.0 = Release|Any CPU
		{B741248D-32B3-4D7F-802E-D3A0409F6FAC}.Ad-Hoc|ARM.Deploy.0 = Release|Any CPU
		{B741248D-32B3-4D7F-802E-D3A0409F6FAC}.Ad-Hoc|iPhone.ActiveCfg = Release|Any CPU
		{B741248D-32B3-4D7F-802E-D3A0409F6FAC}.Ad-Hoc|iPhone.Build.0 = Release|Any CPU
		{B741248D-32B3-4D7F-802E-D3A0409F6FAC}.Ad-Hoc|iPhone.Deploy.0 = Release|Any CPU
		{B741248D-32B3-4D7F-802E-D3A0409F6FAC}.Ad-Hoc|iPhoneSimulator.ActiveCfg = Release|Any CPU
		{B741248D-32B3-4D7F-802E-D3A0409F6FAC}.Ad-Hoc|iPhoneSimulator.Build.0 = Release|Any CPU
		{B741248D-32B3-4D7F-802E-D3A0409F6FAC}.Ad-Hoc|iPhoneSimulator.Deploy.0 = Release|Any CPU
		{B741248D-32B3-4D7F-802E-D3A0409F6FAC}.Ad-Hoc|x64.ActiveCfg = Release|Any CPU
		{B741248D-32B3-4D7F-802E-D3A0409F6FAC}.Ad-Hoc|x64.Build.0 = Release|Any CPU
		{B741248D-32B3-4D7F-802E-D3A0409F6FAC}.Ad-Hoc|x64.Deploy.0 = Release|Any CPU
		{B741248D-32B3-4D7F-802E-D3A0409F6FAC}.Ad-Hoc|x86.ActiveCfg = Release|Any CPU
		{B741248D-32B3-4D7F-802E-D3A0409F6FAC}.Ad-Hoc|x86.Build.0 = Release|Any CPU
		{B741248D-32B3-4D7F-802E-D3A0409F6FAC}.Ad-Hoc|x86.Deploy.0 = Release|Any CPU
		{B741248D-32B3-4D7F-802E-D3A0409F6FAC}.AppStore|Any CPU.ActiveCfg = Release|Any CPU
		{B741248D-32B3-4D7F-802E-D3A0409F6FAC}.AppStore|Any CPU.Build.0 = Release|Any CPU
		{B741248D-32B3-4D7F-802E-D3A0409F6FAC}.AppStore|Any CPU.Deploy.0 = Release|Any CPU
		{B741248D-32B3-4D7F-802E-D3A0409F6FAC}.AppStore|ARM.ActiveCfg = Release|Any CPU
		{B741248D-32B3-4D7F-802E-D3A0409F6FAC}.AppStore|ARM.Build.0 = Release|Any CPU
		{B741248D-32B3-4D7F-802E-D3A0409F6FAC}.AppStore|ARM.Deploy.0 = Release|Any CPU
		{B741248D-32B3-4D7F-802E-D3A0409F6FAC}.AppStore|iPhone.ActiveCfg = Release|Any CPU
		{B741248D-32B3-4D7F-802E-D3A0409F6FAC}.AppStore|iPhone.Build.0 = Release|Any CPU
		{B741248D-32B3-4D7F-802E-D3A0409F6FAC}.AppStore|iPhone.Deploy.0 = Release|Any CPU
		{B741248D-32B3-4D7F-802E-D3A0409F6FAC}.AppStore|iPhoneSimulator.ActiveCfg = Release|Any CPU
		{B741248D-32B3-4D7F-802E-D3A0409F6FAC}.AppStore|iPhoneSimulator.Build.0 = Release|Any CPU
		{B741248D-32B3-4D7F-802E-D3A0409F6FAC}.AppStore|iPhoneSimulator.Deploy.0 = Release|Any CPU
		{B741248D-32B3-4D7F-802E-D3A0409F6FAC}.AppStore|x64.ActiveCfg = Release|Any CPU
		{B741248D-32B3-4D7F-802E-D3A0409F6FAC}.AppStore|x64.Build.0 = Release|Any CPU
		{B741248D-32B3-4D7F-802E-D3A0409F6FAC}.AppStore|x64.Deploy.0 = Release|Any CPU
		{B741248D-32B3-4D7F-802E-D3A0409F6FAC}.AppStore|x86.ActiveCfg = Release|Any CPU
		{B741248D-32B3-4D7F-802E-D3A0409F6FAC}.AppStore|x86.Build.0 = Release|Any CPU
		{B741248D-32B3-4D7F-802E-D3A0409F6FAC}.AppStore|x86.Deploy.0 = Release|Any CPU
		{B741248D-32B3-4D7F-802E-D3A0409F6FAC}.Debug|Any CPU.ActiveCfg = Debug|Any CPU
		{B741248D-32B3-4D7F-802E-D3A0409F6FAC}.Debug|Any CPU.Build.0 = Debug|Any CPU
		{B741248D-32B3-4D7F-802E-D3A0409F6FAC}.Debug|Any CPU.Deploy.0 = Debug|Any CPU
		{B741248D-32B3-4D7F-802E-D3A0409F6FAC}.Debug|ARM.ActiveCfg = Debug|Any CPU
		{B741248D-32B3-4D7F-802E-D3A0409F6FAC}.Debug|ARM.Build.0 = Debug|Any CPU
		{B741248D-32B3-4D7F-802E-D3A0409F6FAC}.Debug|ARM.Deploy.0 = Debug|Any CPU
		{B741248D-32B3-4D7F-802E-D3A0409F6FAC}.Debug|iPhone.ActiveCfg = Debug|Any CPU
		{B741248D-32B3-4D7F-802E-D3A0409F6FAC}.Debug|iPhone.Build.0 = Debug|Any CPU
		{B741248D-32B3-4D7F-802E-D3A0409F6FAC}.Debug|iPhone.Deploy.0 = Debug|Any CPU
		{B741248D-32B3-4D7F-802E-D3A0409F6FAC}.Debug|iPhoneSimulator.ActiveCfg = Debug|Any CPU
		{B741248D-32B3-4D7F-802E-D3A0409F6FAC}.Debug|iPhoneSimulator.Build.0 = Debug|Any CPU
		{B741248D-32B3-4D7F-802E-D3A0409F6FAC}.Debug|iPhoneSimulator.Deploy.0 = Debug|Any CPU
		{B741248D-32B3-4D7F-802E-D3A0409F6FAC}.Debug|x64.ActiveCfg = Debug|Any CPU
		{B741248D-32B3-4D7F-802E-D3A0409F6FAC}.Debug|x64.Build.0 = Debug|Any CPU
		{B741248D-32B3-4D7F-802E-D3A0409F6FAC}.Debug|x64.Deploy.0 = Debug|Any CPU
		{B741248D-32B3-4D7F-802E-D3A0409F6FAC}.Debug|x86.ActiveCfg = Debug|Any CPU
		{B741248D-32B3-4D7F-802E-D3A0409F6FAC}.Debug|x86.Build.0 = Debug|Any CPU
		{B741248D-32B3-4D7F-802E-D3A0409F6FAC}.Debug|x86.Deploy.0 = Debug|Any CPU
		{B741248D-32B3-4D7F-802E-D3A0409F6FAC}.Release|Any CPU.ActiveCfg = Release|Any CPU
		{B741248D-32B3-4D7F-802E-D3A0409F6FAC}.Release|Any CPU.Build.0 = Release|Any CPU
		{B741248D-32B3-4D7F-802E-D3A0409F6FAC}.Release|Any CPU.Deploy.0 = Release|Any CPU
		{B741248D-32B3-4D7F-802E-D3A0409F6FAC}.Release|ARM.ActiveCfg = Release|Any CPU
		{B741248D-32B3-4D7F-802E-D3A0409F6FAC}.Release|ARM.Build.0 = Release|Any CPU
		{B741248D-32B3-4D7F-802E-D3A0409F6FAC}.Release|ARM.Deploy.0 = Release|Any CPU
		{B741248D-32B3-4D7F-802E-D3A0409F6FAC}.Release|iPhone.ActiveCfg = Release|Any CPU
		{B741248D-32B3-4D7F-802E-D3A0409F6FAC}.Release|iPhone.Build.0 = Release|Any CPU
		{B741248D-32B3-4D7F-802E-D3A0409F6FAC}.Release|iPhone.Deploy.0 = Release|Any CPU
		{B741248D-32B3-4D7F-802E-D3A0409F6FAC}.Release|iPhoneSimulator.ActiveCfg = Release|Any CPU
		{B741248D-32B3-4D7F-802E-D3A0409F6FAC}.Release|iPhoneSimulator.Build.0 = Release|Any CPU
		{B741248D-32B3-4D7F-802E-D3A0409F6FAC}.Release|iPhoneSimulator.Deploy.0 = Release|Any CPU
		{B741248D-32B3-4D7F-802E-D3A0409F6FAC}.Release|x64.ActiveCfg = Release|Any CPU
		{B741248D-32B3-4D7F-802E-D3A0409F6FAC}.Release|x64.Build.0 = Release|Any CPU
		{B741248D-32B3-4D7F-802E-D3A0409F6FAC}.Release|x64.Deploy.0 = Release|Any CPU
		{B741248D-32B3-4D7F-802E-D3A0409F6FAC}.Release|x86.ActiveCfg = Release|Any CPU
		{B741248D-32B3-4D7F-802E-D3A0409F6FAC}.Release|x86.Build.0 = Release|Any CPU
		{B741248D-32B3-4D7F-802E-D3A0409F6FAC}.Release|x86.Deploy.0 = Release|Any CPU
		{09677168-DB2C-4B16-A2EF-A5938A6B21BD}.Ad-Hoc|Any CPU.ActiveCfg = Ad-Hoc|iPhone
		{09677168-DB2C-4B16-A2EF-A5938A6B21BD}.Ad-Hoc|Any CPU.Build.0 = Ad-Hoc|iPhone
		{09677168-DB2C-4B16-A2EF-A5938A6B21BD}.Ad-Hoc|Any CPU.Deploy.0 = Ad-Hoc|iPhone
		{09677168-DB2C-4B16-A2EF-A5938A6B21BD}.Ad-Hoc|ARM.ActiveCfg = Ad-Hoc|iPhone
		{09677168-DB2C-4B16-A2EF-A5938A6B21BD}.Ad-Hoc|ARM.Build.0 = Ad-Hoc|iPhone
		{09677168-DB2C-4B16-A2EF-A5938A6B21BD}.Ad-Hoc|ARM.Deploy.0 = Ad-Hoc|iPhone
		{09677168-DB2C-4B16-A2EF-A5938A6B21BD}.Ad-Hoc|iPhone.ActiveCfg = Ad-Hoc|iPhone
		{09677168-DB2C-4B16-A2EF-A5938A6B21BD}.Ad-Hoc|iPhone.Build.0 = Ad-Hoc|iPhone
		{09677168-DB2C-4B16-A2EF-A5938A6B21BD}.Ad-Hoc|iPhone.Deploy.0 = Ad-Hoc|iPhone
		{09677168-DB2C-4B16-A2EF-A5938A6B21BD}.Ad-Hoc|iPhoneSimulator.ActiveCfg = Ad-Hoc|iPhoneSimulator
		{09677168-DB2C-4B16-A2EF-A5938A6B21BD}.Ad-Hoc|iPhoneSimulator.Build.0 = Ad-Hoc|iPhoneSimulator
		{09677168-DB2C-4B16-A2EF-A5938A6B21BD}.Ad-Hoc|iPhoneSimulator.Deploy.0 = Ad-Hoc|iPhoneSimulator
		{09677168-DB2C-4B16-A2EF-A5938A6B21BD}.Ad-Hoc|x64.ActiveCfg = Ad-Hoc|iPhone
		{09677168-DB2C-4B16-A2EF-A5938A6B21BD}.Ad-Hoc|x64.Build.0 = Ad-Hoc|iPhone
		{09677168-DB2C-4B16-A2EF-A5938A6B21BD}.Ad-Hoc|x64.Deploy.0 = Ad-Hoc|iPhone
		{09677168-DB2C-4B16-A2EF-A5938A6B21BD}.Ad-Hoc|x86.ActiveCfg = Ad-Hoc|iPhone
		{09677168-DB2C-4B16-A2EF-A5938A6B21BD}.Ad-Hoc|x86.Build.0 = Ad-Hoc|iPhone
		{09677168-DB2C-4B16-A2EF-A5938A6B21BD}.Ad-Hoc|x86.Deploy.0 = Ad-Hoc|iPhone
		{09677168-DB2C-4B16-A2EF-A5938A6B21BD}.AppStore|Any CPU.ActiveCfg = AppStore|iPhone
		{09677168-DB2C-4B16-A2EF-A5938A6B21BD}.AppStore|Any CPU.Build.0 = AppStore|iPhone
		{09677168-DB2C-4B16-A2EF-A5938A6B21BD}.AppStore|Any CPU.Deploy.0 = AppStore|iPhone
		{09677168-DB2C-4B16-A2EF-A5938A6B21BD}.AppStore|ARM.ActiveCfg = AppStore|iPhone
		{09677168-DB2C-4B16-A2EF-A5938A6B21BD}.AppStore|ARM.Build.0 = AppStore|iPhone
		{09677168-DB2C-4B16-A2EF-A5938A6B21BD}.AppStore|ARM.Deploy.0 = AppStore|iPhone
		{09677168-DB2C-4B16-A2EF-A5938A6B21BD}.AppStore|iPhone.ActiveCfg = AppStore|iPhone
		{09677168-DB2C-4B16-A2EF-A5938A6B21BD}.AppStore|iPhone.Build.0 = AppStore|iPhone
		{09677168-DB2C-4B16-A2EF-A5938A6B21BD}.AppStore|iPhone.Deploy.0 = AppStore|iPhone
		{09677168-DB2C-4B16-A2EF-A5938A6B21BD}.AppStore|iPhoneSimulator.ActiveCfg = AppStore|iPhoneSimulator
		{09677168-DB2C-4B16-A2EF-A5938A6B21BD}.AppStore|iPhoneSimulator.Build.0 = AppStore|iPhoneSimulator
		{09677168-DB2C-4B16-A2EF-A5938A6B21BD}.AppStore|iPhoneSimulator.Deploy.0 = AppStore|iPhoneSimulator
		{09677168-DB2C-4B16-A2EF-A5938A6B21BD}.AppStore|x64.ActiveCfg = AppStore|iPhone
		{09677168-DB2C-4B16-A2EF-A5938A6B21BD}.AppStore|x64.Build.0 = AppStore|iPhone
		{09677168-DB2C-4B16-A2EF-A5938A6B21BD}.AppStore|x64.Deploy.0 = AppStore|iPhone
		{09677168-DB2C-4B16-A2EF-A5938A6B21BD}.AppStore|x86.ActiveCfg = AppStore|iPhone
		{09677168-DB2C-4B16-A2EF-A5938A6B21BD}.AppStore|x86.Build.0 = AppStore|iPhone
		{09677168-DB2C-4B16-A2EF-A5938A6B21BD}.AppStore|x86.Deploy.0 = AppStore|iPhone
		{09677168-DB2C-4B16-A2EF-A5938A6B21BD}.Debug|Any CPU.ActiveCfg = Debug|iPhoneSimulator
		{09677168-DB2C-4B16-A2EF-A5938A6B21BD}.Debug|Any CPU.Build.0 = Debug|iPhoneSimulator
		{09677168-DB2C-4B16-A2EF-A5938A6B21BD}.Debug|Any CPU.Deploy.0 = Debug|iPhoneSimulator
		{09677168-DB2C-4B16-A2EF-A5938A6B21BD}.Debug|ARM.ActiveCfg = Debug|iPhone
		{09677168-DB2C-4B16-A2EF-A5938A6B21BD}.Debug|ARM.Build.0 = Debug|iPhone
		{09677168-DB2C-4B16-A2EF-A5938A6B21BD}.Debug|ARM.Deploy.0 = Debug|iPhone
		{09677168-DB2C-4B16-A2EF-A5938A6B21BD}.Debug|iPhone.ActiveCfg = Debug|iPhone
		{09677168-DB2C-4B16-A2EF-A5938A6B21BD}.Debug|iPhone.Build.0 = Debug|iPhone
		{09677168-DB2C-4B16-A2EF-A5938A6B21BD}.Debug|iPhone.Deploy.0 = Debug|iPhone
		{09677168-DB2C-4B16-A2EF-A5938A6B21BD}.Debug|iPhoneSimulator.ActiveCfg = Debug|iPhoneSimulator
		{09677168-DB2C-4B16-A2EF-A5938A6B21BD}.Debug|iPhoneSimulator.Build.0 = Debug|iPhoneSimulator
		{09677168-DB2C-4B16-A2EF-A5938A6B21BD}.Debug|iPhoneSimulator.Deploy.0 = Debug|iPhoneSimulator
		{09677168-DB2C-4B16-A2EF-A5938A6B21BD}.Debug|x64.ActiveCfg = Debug|iPhone
		{09677168-DB2C-4B16-A2EF-A5938A6B21BD}.Debug|x64.Build.0 = Debug|iPhone
		{09677168-DB2C-4B16-A2EF-A5938A6B21BD}.Debug|x64.Deploy.0 = Debug|iPhone
		{09677168-DB2C-4B16-A2EF-A5938A6B21BD}.Debug|x86.ActiveCfg = Debug|iPhone
		{09677168-DB2C-4B16-A2EF-A5938A6B21BD}.Debug|x86.Build.0 = Debug|iPhone
		{09677168-DB2C-4B16-A2EF-A5938A6B21BD}.Debug|x86.Deploy.0 = Debug|iPhone
		{09677168-DB2C-4B16-A2EF-A5938A6B21BD}.Release|Any CPU.ActiveCfg = Release|iPhone
		{09677168-DB2C-4B16-A2EF-A5938A6B21BD}.Release|Any CPU.Build.0 = Release|iPhone
		{09677168-DB2C-4B16-A2EF-A5938A6B21BD}.Release|Any CPU.Deploy.0 = Release|iPhone
		{09677168-DB2C-4B16-A2EF-A5938A6B21BD}.Release|ARM.ActiveCfg = Release|iPhone
		{09677168-DB2C-4B16-A2EF-A5938A6B21BD}.Release|ARM.Build.0 = Release|iPhone
		{09677168-DB2C-4B16-A2EF-A5938A6B21BD}.Release|ARM.Deploy.0 = Release|iPhone
		{09677168-DB2C-4B16-A2EF-A5938A6B21BD}.Release|iPhone.ActiveCfg = Release|iPhone
		{09677168-DB2C-4B16-A2EF-A5938A6B21BD}.Release|iPhone.Build.0 = Release|iPhone
		{09677168-DB2C-4B16-A2EF-A5938A6B21BD}.Release|iPhone.Deploy.0 = Release|iPhone
		{09677168-DB2C-4B16-A2EF-A5938A6B21BD}.Release|iPhoneSimulator.ActiveCfg = Release|iPhoneSimulator
		{09677168-DB2C-4B16-A2EF-A5938A6B21BD}.Release|iPhoneSimulator.Build.0 = Release|iPhoneSimulator
		{09677168-DB2C-4B16-A2EF-A5938A6B21BD}.Release|iPhoneSimulator.Deploy.0 = Release|iPhoneSimulator
		{09677168-DB2C-4B16-A2EF-A5938A6B21BD}.Release|x64.ActiveCfg = Release|iPhone
		{09677168-DB2C-4B16-A2EF-A5938A6B21BD}.Release|x64.Build.0 = Release|iPhone
		{09677168-DB2C-4B16-A2EF-A5938A6B21BD}.Release|x64.Deploy.0 = Release|iPhone
		{09677168-DB2C-4B16-A2EF-A5938A6B21BD}.Release|x86.ActiveCfg = Release|iPhone
		{09677168-DB2C-4B16-A2EF-A5938A6B21BD}.Release|x86.Build.0 = Release|iPhone
		{09677168-DB2C-4B16-A2EF-A5938A6B21BD}.Release|x86.Deploy.0 = Release|iPhone
		{9E4A405B-3501-487F-8588-7D25A148F850}.Ad-Hoc|Any CPU.ActiveCfg = Release|x86
		{9E4A405B-3501-487F-8588-7D25A148F850}.Ad-Hoc|Any CPU.Build.0 = Release|x86
		{9E4A405B-3501-487F-8588-7D25A148F850}.Ad-Hoc|Any CPU.Deploy.0 = Release|x86
		{9E4A405B-3501-487F-8588-7D25A148F850}.Ad-Hoc|ARM.ActiveCfg = Release|ARM
		{9E4A405B-3501-487F-8588-7D25A148F850}.Ad-Hoc|ARM.Build.0 = Release|ARM
		{9E4A405B-3501-487F-8588-7D25A148F850}.Ad-Hoc|ARM.Deploy.0 = Release|ARM
		{9E4A405B-3501-487F-8588-7D25A148F850}.Ad-Hoc|iPhone.ActiveCfg = Release|x86
		{9E4A405B-3501-487F-8588-7D25A148F850}.Ad-Hoc|iPhone.Build.0 = Release|x86
		{9E4A405B-3501-487F-8588-7D25A148F850}.Ad-Hoc|iPhone.Deploy.0 = Release|x86
		{9E4A405B-3501-487F-8588-7D25A148F850}.Ad-Hoc|iPhoneSimulator.ActiveCfg = Release|x86
		{9E4A405B-3501-487F-8588-7D25A148F850}.Ad-Hoc|iPhoneSimulator.Build.0 = Release|x86
		{9E4A405B-3501-487F-8588-7D25A148F850}.Ad-Hoc|iPhoneSimulator.Deploy.0 = Release|x86
		{9E4A405B-3501-487F-8588-7D25A148F850}.Ad-Hoc|x64.ActiveCfg = Release|x64
		{9E4A405B-3501-487F-8588-7D25A148F850}.Ad-Hoc|x64.Build.0 = Release|x64
		{9E4A405B-3501-487F-8588-7D25A148F850}.Ad-Hoc|x64.Deploy.0 = Release|x64
		{9E4A405B-3501-487F-8588-7D25A148F850}.Ad-Hoc|x86.ActiveCfg = Release|x86
		{9E4A405B-3501-487F-8588-7D25A148F850}.Ad-Hoc|x86.Build.0 = Release|x86
		{9E4A405B-3501-487F-8588-7D25A148F850}.Ad-Hoc|x86.Deploy.0 = Release|x86
		{9E4A405B-3501-487F-8588-7D25A148F850}.AppStore|Any CPU.ActiveCfg = Release|x86
		{9E4A405B-3501-487F-8588-7D25A148F850}.AppStore|Any CPU.Build.0 = Release|x86
		{9E4A405B-3501-487F-8588-7D25A148F850}.AppStore|Any CPU.Deploy.0 = Release|x86
		{9E4A405B-3501-487F-8588-7D25A148F850}.AppStore|ARM.ActiveCfg = Release|ARM
		{9E4A405B-3501-487F-8588-7D25A148F850}.AppStore|ARM.Build.0 = Release|ARM
		{9E4A405B-3501-487F-8588-7D25A148F850}.AppStore|ARM.Deploy.0 = Release|ARM
		{9E4A405B-3501-487F-8588-7D25A148F850}.AppStore|iPhone.ActiveCfg = Release|x86
		{9E4A405B-3501-487F-8588-7D25A148F850}.AppStore|iPhone.Build.0 = Release|x86
		{9E4A405B-3501-487F-8588-7D25A148F850}.AppStore|iPhone.Deploy.0 = Release|x86
		{9E4A405B-3501-487F-8588-7D25A148F850}.AppStore|iPhoneSimulator.ActiveCfg = Release|x86
		{9E4A405B-3501-487F-8588-7D25A148F850}.AppStore|iPhoneSimulator.Build.0 = Release|x86
		{9E4A405B-3501-487F-8588-7D25A148F850}.AppStore|iPhoneSimulator.Deploy.0 = Release|x86
		{9E4A405B-3501-487F-8588-7D25A148F850}.AppStore|x64.ActiveCfg = Release|x64
		{9E4A405B-3501-487F-8588-7D25A148F850}.AppStore|x64.Build.0 = Release|x64
		{9E4A405B-3501-487F-8588-7D25A148F850}.AppStore|x64.Deploy.0 = Release|x64
		{9E4A405B-3501-487F-8588-7D25A148F850}.AppStore|x86.ActiveCfg = Release|x86
		{9E4A405B-3501-487F-8588-7D25A148F850}.AppStore|x86.Build.0 = Release|x86
		{9E4A405B-3501-487F-8588-7D25A148F850}.AppStore|x86.Deploy.0 = Release|x86
		{9E4A405B-3501-487F-8588-7D25A148F850}.Debug|Any CPU.ActiveCfg = Debug|x86
		{9E4A405B-3501-487F-8588-7D25A148F850}.Debug|Any CPU.Build.0 = Debug|x86
		{9E4A405B-3501-487F-8588-7D25A148F850}.Debug|Any CPU.Deploy.0 = Debug|x86
		{9E4A405B-3501-487F-8588-7D25A148F850}.Debug|ARM.ActiveCfg = Debug|ARM
		{9E4A405B-3501-487F-8588-7D25A148F850}.Debug|ARM.Build.0 = Debug|ARM
		{9E4A405B-3501-487F-8588-7D25A148F850}.Debug|ARM.Deploy.0 = Debug|ARM
		{9E4A405B-3501-487F-8588-7D25A148F850}.Debug|iPhone.ActiveCfg = Debug|x86
		{9E4A405B-3501-487F-8588-7D25A148F850}.Debug|iPhone.Build.0 = Debug|x86
		{9E4A405B-3501-487F-8588-7D25A148F850}.Debug|iPhone.Deploy.0 = Debug|x86
		{9E4A405B-3501-487F-8588-7D25A148F850}.Debug|iPhoneSimulator.ActiveCfg = Debug|x86
		{9E4A405B-3501-487F-8588-7D25A148F850}.Debug|iPhoneSimulator.Build.0 = Debug|x86
		{9E4A405B-3501-487F-8588-7D25A148F850}.Debug|iPhoneSimulator.Deploy.0 = Debug|x86
		{9E4A405B-3501-487F-8588-7D25A148F850}.Debug|x64.ActiveCfg = Debug|x64
		{9E4A405B-3501-487F-8588-7D25A148F850}.Debug|x64.Build.0 = Debug|x64
		{9E4A405B-3501-487F-8588-7D25A148F850}.Debug|x64.Deploy.0 = Debug|x64
		{9E4A405B-3501-487F-8588-7D25A148F850}.Debug|x86.ActiveCfg = Debug|x86
		{9E4A405B-3501-487F-8588-7D25A148F850}.Debug|x86.Build.0 = Debug|x86
		{9E4A405B-3501-487F-8588-7D25A148F850}.Debug|x86.Deploy.0 = Debug|x86
		{9E4A405B-3501-487F-8588-7D25A148F850}.Release|Any CPU.ActiveCfg = Release|x86
		{9E4A405B-3501-487F-8588-7D25A148F850}.Release|Any CPU.Build.0 = Release|x86
		{9E4A405B-3501-487F-8588-7D25A148F850}.Release|Any CPU.Deploy.0 = Release|x86
		{9E4A405B-3501-487F-8588-7D25A148F850}.Release|ARM.ActiveCfg = Release|ARM
		{9E4A405B-3501-487F-8588-7D25A148F850}.Release|ARM.Build.0 = Release|ARM
		{9E4A405B-3501-487F-8588-7D25A148F850}.Release|ARM.Deploy.0 = Release|ARM
		{9E4A405B-3501-487F-8588-7D25A148F850}.Release|iPhone.ActiveCfg = Release|x86
		{9E4A405B-3501-487F-8588-7D25A148F850}.Release|iPhone.Build.0 = Release|x86
		{9E4A405B-3501-487F-8588-7D25A148F850}.Release|iPhone.Deploy.0 = Release|x86
		{9E4A405B-3501-487F-8588-7D25A148F850}.Release|iPhoneSimulator.ActiveCfg = Release|x86
		{9E4A405B-3501-487F-8588-7D25A148F850}.Release|iPhoneSimulator.Build.0 = Release|x86
		{9E4A405B-3501-487F-8588-7D25A148F850}.Release|iPhoneSimulator.Deploy.0 = Release|x86
		{9E4A405B-3501-487F-8588-7D25A148F850}.Release|x64.ActiveCfg = Release|x64
		{9E4A405B-3501-487F-8588-7D25A148F850}.Release|x64.Build.0 = Release|x64
		{9E4A405B-3501-487F-8588-7D25A148F850}.Release|x64.Deploy.0 = Release|x64
		{9E4A405B-3501-487F-8588-7D25A148F850}.Release|x86.ActiveCfg = Release|x86
		{9E4A405B-3501-487F-8588-7D25A148F850}.Release|x86.Build.0 = Release|x86
		{9E4A405B-3501-487F-8588-7D25A148F850}.Release|x86.Deploy.0 = Release|x86
		{3D515BE5-C14B-4085-AECD-B24D22151894}.Ad-Hoc|Any CPU.ActiveCfg = Debug|Any CPU
		{3D515BE5-C14B-4085-AECD-B24D22151894}.Ad-Hoc|Any CPU.Build.0 = Debug|Any CPU
		{3D515BE5-C14B-4085-AECD-B24D22151894}.Ad-Hoc|Any CPU.Deploy.0 = Debug|Any CPU
		{3D515BE5-C14B-4085-AECD-B24D22151894}.Ad-Hoc|ARM.ActiveCfg = Debug|Any CPU
		{3D515BE5-C14B-4085-AECD-B24D22151894}.Ad-Hoc|ARM.Build.0 = Debug|Any CPU
		{3D515BE5-C14B-4085-AECD-B24D22151894}.Ad-Hoc|ARM.Deploy.0 = Debug|Any CPU
		{3D515BE5-C14B-4085-AECD-B24D22151894}.Ad-Hoc|iPhone.ActiveCfg = Debug|Any CPU
		{3D515BE5-C14B-4085-AECD-B24D22151894}.Ad-Hoc|iPhone.Build.0 = Debug|Any CPU
		{3D515BE5-C14B-4085-AECD-B24D22151894}.Ad-Hoc|iPhone.Deploy.0 = Debug|Any CPU
		{3D515BE5-C14B-4085-AECD-B24D22151894}.Ad-Hoc|iPhoneSimulator.ActiveCfg = Debug|Any CPU
		{3D515BE5-C14B-4085-AECD-B24D22151894}.Ad-Hoc|iPhoneSimulator.Build.0 = Debug|Any CPU
		{3D515BE5-C14B-4085-AECD-B24D22151894}.Ad-Hoc|iPhoneSimulator.Deploy.0 = Debug|Any CPU
		{3D515BE5-C14B-4085-AECD-B24D22151894}.Ad-Hoc|x64.ActiveCfg = Debug|Any CPU
		{3D515BE5-C14B-4085-AECD-B24D22151894}.Ad-Hoc|x64.Build.0 = Debug|Any CPU
		{3D515BE5-C14B-4085-AECD-B24D22151894}.Ad-Hoc|x64.Deploy.0 = Debug|Any CPU
		{3D515BE5-C14B-4085-AECD-B24D22151894}.Ad-Hoc|x86.ActiveCfg = Debug|Any CPU
		{3D515BE5-C14B-4085-AECD-B24D22151894}.Ad-Hoc|x86.Build.0 = Debug|Any CPU
		{3D515BE5-C14B-4085-AECD-B24D22151894}.Ad-Hoc|x86.Deploy.0 = Debug|Any CPU
		{3D515BE5-C14B-4085-AECD-B24D22151894}.AppStore|Any CPU.ActiveCfg = Debug|Any CPU
		{3D515BE5-C14B-4085-AECD-B24D22151894}.AppStore|Any CPU.Build.0 = Debug|Any CPU
		{3D515BE5-C14B-4085-AECD-B24D22151894}.AppStore|Any CPU.Deploy.0 = Debug|Any CPU
		{3D515BE5-C14B-4085-AECD-B24D22151894}.AppStore|ARM.ActiveCfg = Debug|Any CPU
		{3D515BE5-C14B-4085-AECD-B24D22151894}.AppStore|ARM.Build.0 = Debug|Any CPU
		{3D515BE5-C14B-4085-AECD-B24D22151894}.AppStore|ARM.Deploy.0 = Debug|Any CPU
		{3D515BE5-C14B-4085-AECD-B24D22151894}.AppStore|iPhone.ActiveCfg = Debug|Any CPU
		{3D515BE5-C14B-4085-AECD-B24D22151894}.AppStore|iPhone.Build.0 = Debug|Any CPU
		{3D515BE5-C14B-4085-AECD-B24D22151894}.AppStore|iPhone.Deploy.0 = Debug|Any CPU
		{3D515BE5-C14B-4085-AECD-B24D22151894}.AppStore|iPhoneSimulator.ActiveCfg = Debug|Any CPU
		{3D515BE5-C14B-4085-AECD-B24D22151894}.AppStore|iPhoneSimulator.Build.0 = Debug|Any CPU
		{3D515BE5-C14B-4085-AECD-B24D22151894}.AppStore|iPhoneSimulator.Deploy.0 = Debug|Any CPU
		{3D515BE5-C14B-4085-AECD-B24D22151894}.AppStore|x64.ActiveCfg = Debug|Any CPU
		{3D515BE5-C14B-4085-AECD-B24D22151894}.AppStore|x64.Build.0 = Debug|Any CPU
		{3D515BE5-C14B-4085-AECD-B24D22151894}.AppStore|x64.Deploy.0 = Debug|Any CPU
		{3D515BE5-C14B-4085-AECD-B24D22151894}.AppStore|x86.ActiveCfg = Debug|Any CPU
		{3D515BE5-C14B-4085-AECD-B24D22151894}.AppStore|x86.Build.0 = Debug|Any CPU
		{3D515BE5-C14B-4085-AECD-B24D22151894}.AppStore|x86.Deploy.0 = Debug|Any CPU
		{3D515BE5-C14B-4085-AECD-B24D22151894}.Debug|Any CPU.ActiveCfg = Debug|Any CPU
		{3D515BE5-C14B-4085-AECD-B24D22151894}.Debug|Any CPU.Build.0 = Debug|Any CPU
		{3D515BE5-C14B-4085-AECD-B24D22151894}.Debug|Any CPU.Deploy.0 = Debug|Any CPU
		{3D515BE5-C14B-4085-AECD-B24D22151894}.Debug|ARM.ActiveCfg = Debug|Any CPU
		{3D515BE5-C14B-4085-AECD-B24D22151894}.Debug|ARM.Build.0 = Debug|Any CPU
		{3D515BE5-C14B-4085-AECD-B24D22151894}.Debug|ARM.Deploy.0 = Debug|Any CPU
		{3D515BE5-C14B-4085-AECD-B24D22151894}.Debug|iPhone.ActiveCfg = Debug|Any CPU
		{3D515BE5-C14B-4085-AECD-B24D22151894}.Debug|iPhone.Build.0 = Debug|Any CPU
		{3D515BE5-C14B-4085-AECD-B24D22151894}.Debug|iPhone.Deploy.0 = Debug|Any CPU
		{3D515BE5-C14B-4085-AECD-B24D22151894}.Debug|iPhoneSimulator.ActiveCfg = Debug|Any CPU
		{3D515BE5-C14B-4085-AECD-B24D22151894}.Debug|iPhoneSimulator.Build.0 = Debug|Any CPU
		{3D515BE5-C14B-4085-AECD-B24D22151894}.Debug|iPhoneSimulator.Deploy.0 = Debug|Any CPU
		{3D515BE5-C14B-4085-AECD-B24D22151894}.Debug|x64.ActiveCfg = Debug|Any CPU
		{3D515BE5-C14B-4085-AECD-B24D22151894}.Debug|x64.Build.0 = Debug|Any CPU
		{3D515BE5-C14B-4085-AECD-B24D22151894}.Debug|x64.Deploy.0 = Debug|Any CPU
		{3D515BE5-C14B-4085-AECD-B24D22151894}.Debug|x86.ActiveCfg = Debug|Any CPU
		{3D515BE5-C14B-4085-AECD-B24D22151894}.Debug|x86.Build.0 = Debug|Any CPU
		{3D515BE5-C14B-4085-AECD-B24D22151894}.Debug|x86.Deploy.0 = Debug|Any CPU
		{3D515BE5-C14B-4085-AECD-B24D22151894}.Release|Any CPU.ActiveCfg = Release|Any CPU
		{3D515BE5-C14B-4085-AECD-B24D22151894}.Release|Any CPU.Build.0 = Release|Any CPU
		{3D515BE5-C14B-4085-AECD-B24D22151894}.Release|Any CPU.Deploy.0 = Release|Any CPU
		{3D515BE5-C14B-4085-AECD-B24D22151894}.Release|ARM.ActiveCfg = Release|Any CPU
		{3D515BE5-C14B-4085-AECD-B24D22151894}.Release|ARM.Build.0 = Release|Any CPU
		{3D515BE5-C14B-4085-AECD-B24D22151894}.Release|ARM.Deploy.0 = Release|Any CPU
		{3D515BE5-C14B-4085-AECD-B24D22151894}.Release|iPhone.ActiveCfg = Release|Any CPU
		{3D515BE5-C14B-4085-AECD-B24D22151894}.Release|iPhone.Build.0 = Release|Any CPU
		{3D515BE5-C14B-4085-AECD-B24D22151894}.Release|iPhone.Deploy.0 = Release|Any CPU
		{3D515BE5-C14B-4085-AECD-B24D22151894}.Release|iPhoneSimulator.ActiveCfg = Release|Any CPU
		{3D515BE5-C14B-4085-AECD-B24D22151894}.Release|iPhoneSimulator.Build.0 = Release|Any CPU
		{3D515BE5-C14B-4085-AECD-B24D22151894}.Release|iPhoneSimulator.Deploy.0 = Release|Any CPU
		{3D515BE5-C14B-4085-AECD-B24D22151894}.Release|x64.ActiveCfg = Release|Any CPU
		{3D515BE5-C14B-4085-AECD-B24D22151894}.Release|x64.Build.0 = Release|Any CPU
		{3D515BE5-C14B-4085-AECD-B24D22151894}.Release|x64.Deploy.0 = Release|Any CPU
		{3D515BE5-C14B-4085-AECD-B24D22151894}.Release|x86.ActiveCfg = Release|Any CPU
		{3D515BE5-C14B-4085-AECD-B24D22151894}.Release|x86.Build.0 = Release|Any CPU
		{3D515BE5-C14B-4085-AECD-B24D22151894}.Release|x86.Deploy.0 = Release|Any CPU
	EndGlobalSection
	GlobalSection(SolutionProperties) = preSolution
		HideSolutionNode = FALSE
	EndGlobalSection
	GlobalSection(ExtensibilityGlobals) = postSolution
		SolutionGuid = {1278D084-8A29-4EF7-B146-D057483BE9BE}
	EndGlobalSection
EndGlobal
